
Microsoft Visual Studio Solution File, Format Version 10.00
# Visual Studio 2008
Project("{8BC9CEB8-8B4A-11D0-8D11-00A0C91BC942}") = "EDLUTSfunction", "EDLUTforWindows.vcproj", "{3675B282-0FC1-4FA4-B0B2-39EDD33B390D}"
EndProject
Global
	GlobalSection(SolutionConfigurationPlatforms) = preSolution
		Debug|Win32 = Debug|Win32
		EDLUTKernel|Win32 = EDLUTKernel|Win32
		Release|Win32 = Release|Win32
		Sfunction|Win32 = Sfunction|Win32
	EndGlobalSection
	GlobalSection(ProjectConfigurationPlatforms) = postSolution
		{3675B282-0FC1-4FA4-B0B2-39EDD33B390D}.Debug|Win32.ActiveCfg = Debug|Win32
		{3675B282-0FC1-4FA4-B0B2-39EDD33B390D}.Debug|Win32.Build.0 = Debug|Win32
		{3675B282-0FC1-4FA4-B0B2-39EDD33B390D}.EDLUTKernel|Win32.ActiveCfg = Sfunction|Win32
		{3675B282-0FC1-4FA4-B0B2-39EDD33B390D}.EDLUTKernel|Win32.Build.0 = Sfunction|Win32
		{3675B282-0FC1-4FA4-B0B2-39EDD33B390D}.Release|Win32.ActiveCfg = Release|Win32
		{3675B282-0FC1-4FA4-B0B2-39EDD33B390D}.Release|Win32.Build.0 = Release|Win32
		{3675B282-0FC1-4FA4-B0B2-39EDD33B390D}.Sfunction|Win32.ActiveCfg = Sfunction|Win32
		{3675B282-0FC1-4FA4-B0B2-39EDD33B390D}.Sfunction|Win32.Build.0 = Sfunction|Win32
	EndGlobalSection
	GlobalSection(SolutionProperties) = preSolution
		HideSolutionNode = FALSE
	EndGlobalSection
EndGlobal
